
Microsoft Visual Studio Solution File, Format Version 12.00
# Visual Studio Version 17
VisualStudioVersion = 17.10.34928.147
MinimumVisualStudioVersion = 10.0.40219.1
Project("{FAE04EC0-301F-11D3-BF4B-00C04F79EFBC}") = "ArithmeticLibrary", "ArithmeticLibrary\ArithmeticLibrary.csproj", "{884E2BD2-F84D-4D03-A337-10650ABA54FB}"
EndProject
Project("{FAE04EC0-301F-11D3-BF4B-00C04F79EFBC}") = "ArithmeticLibrary.Tests", "ArithmeticLibrary.Tests\ArithmeticLibrary.Tests.csproj", "{3D167F84-FAC4-4DBD-AE5B-E20859332CE5}"
EndProject
Global
	GlobalSection(SolutionConfigurationPlatforms) = preSolution
		Debug|Any CPU = Debug|Any CPU
		Release|Any CPU = Release|Any CPU
	EndGlobalSection
	GlobalSection(ProjectConfigurationPlatforms) = postSolution
		{884E2BD2-F84D-4D03-A337-10650ABA54FB}.Debug|Any CPU.ActiveCfg = Debug|Any CPU
		{884E2BD2-F84D-4D03-A337-10650ABA54FB}.Debug|Any CPU.Build.0 = Debug|Any CPU
		{884E2BD2-F84D-4D03-A337-10650ABA54FB}.Release|Any CPU.ActiveCfg = Release|Any CPU
		{884E2BD2-F84D-4D03-A337-10650ABA54FB}.Release|Any CPU.Build.0 = Release|Any CPU
		{3D167F84-FAC4-4DBD-AE5B-E20859332CE5}.Debug|Any CPU.ActiveCfg = Debug|Any CPU
		{3D167F84-FAC4-4DBD-AE5B-E20859332CE5}.Debug|Any CPU.Build.0 = Debug|Any CPU
		{3D167F84-FAC4-4DBD-AE5B-E20859332CE5}.Release|Any CPU.ActiveCfg = Release|Any CPU
		{3D167F84-FAC4-4DBD-AE5B-E20859332CE5}.Release|Any CPU.Build.0 = Release|Any CPU
	EndGlobalSection
	GlobalSection(SolutionProperties) = preSolution
		HideSolutionNode = FALSE
	EndGlobalSection
	GlobalSection(ExtensibilityGlobals) = postSolution
		SolutionGuid = {5FD9228D-803A-4378-8447-E46414FB26AD}
	EndGlobalSection
EndGlobal
