
Microsoft Visual Studio Solution File, Format Version 12.00
# Visual Studio Version 17
VisualStudioVersion = 17.10.34928.147
MinimumVisualStudioVersion = 10.0.40219.1
Project("{FAE04EC0-301F-11D3-BF4B-00C04F79EFBC}") = "Implementing-a-Thread-Pool", "Implementing-a-Thread-Pool\Implementing-a-Thread-Pool.csproj", "{DB8F6876-7E94-4011-A898-56086473EE93}"
EndProject
Global
	GlobalSection(SolutionConfigurationPlatforms) = preSolution
		Debug|Any CPU = Debug|Any CPU
		Release|Any CPU = Release|Any CPU
	EndGlobalSection
	GlobalSection(ProjectConfigurationPlatforms) = postSolution
		{DB8F6876-7E94-4011-A898-56086473EE93}.Debug|Any CPU.ActiveCfg = Debug|Any CPU
		{DB8F6876-7E94-4011-A898-56086473EE93}.Debug|Any CPU.Build.0 = Debug|Any CPU
		{DB8F6876-7E94-4011-A898-56086473EE93}.Release|Any CPU.ActiveCfg = Release|Any CPU
		{DB8F6876-7E94-4011-A898-56086473EE93}.Release|Any CPU.Build.0 = Release|Any CPU
	EndGlobalSection
	GlobalSection(SolutionProperties) = preSolution
		HideSolutionNode = FALSE
	EndGlobalSection
	GlobalSection(ExtensibilityGlobals) = postSolution
		SolutionGuid = {E2B2DAAB-861C-4CDE-BE82-28E9F33C6298}
	EndGlobalSection
EndGlobal
