
Microsoft Visual Studio Solution File, Format Version 12.00
# Visual Studio Version 17
VisualStudioVersion = 17.10.34928.147
MinimumVisualStudioVersion = 10.0.40219.1
Project("{FAE04EC0-301F-11D3-BF4B-00C04F79EFBC}") = "BicycleCar", "BicycleCar\BicycleCar.csproj", "{D32CB344-9246-4DD8-BCCD-BDCB954D5B9C}"
EndProject
Global
	GlobalSection(SolutionConfigurationPlatforms) = preSolution
		Debug|Any CPU = Debug|Any CPU
		Release|Any CPU = Release|Any CPU
	EndGlobalSection
	GlobalSection(ProjectConfigurationPlatforms) = postSolution
		{D32CB344-9246-4DD8-BCCD-BDCB954D5B9C}.Debug|Any CPU.ActiveCfg = Debug|Any CPU
		{D32CB344-9246-4DD8-BCCD-BDCB954D5B9C}.Debug|Any CPU.Build.0 = Debug|Any CPU
		{D32CB344-9246-4DD8-BCCD-BDCB954D5B9C}.Release|Any CPU.ActiveCfg = Release|Any CPU
		{D32CB344-9246-4DD8-BCCD-BDCB954D5B9C}.Release|Any CPU.Build.0 = Release|Any CPU
	EndGlobalSection
	GlobalSection(SolutionProperties) = preSolution
		HideSolutionNode = FALSE
	EndGlobalSection
	GlobalSection(ExtensibilityGlobals) = postSolution
		SolutionGuid = {29FD10D6-9FA3-46AB-B833-9A8D8C8C0B5A}
	EndGlobalSection
EndGlobal
