
Microsoft Visual Studio Solution File, Format Version 12.00
# Visual Studio Version 17
VisualStudioVersion = 17.10.34928.147
MinimumVisualStudioVersion = 10.0.40219.1
Project("{FAE04EC0-301F-11D3-BF4B-00C04F79EFBC}") = "CustomStack", "CustomStack\CustomStack.csproj", "{F7233CA8-5C07-4D17-95B3-6E94AFEFCA3E}"
EndProject
Global
	GlobalSection(SolutionConfigurationPlatforms) = preSolution
		Debug|Any CPU = Debug|Any CPU
		Release|Any CPU = Release|Any CPU
	EndGlobalSection
	GlobalSection(ProjectConfigurationPlatforms) = postSolution
		{F7233CA8-5C07-4D17-95B3-6E94AFEFCA3E}.Debug|Any CPU.ActiveCfg = Debug|Any CPU
		{F7233CA8-5C07-4D17-95B3-6E94AFEFCA3E}.Debug|Any CPU.Build.0 = Debug|Any CPU
		{F7233CA8-5C07-4D17-95B3-6E94AFEFCA3E}.Release|Any CPU.ActiveCfg = Release|Any CPU
		{F7233CA8-5C07-4D17-95B3-6E94AFEFCA3E}.Release|Any CPU.Build.0 = Release|Any CPU
	EndGlobalSection
	GlobalSection(SolutionProperties) = preSolution
		HideSolutionNode = FALSE
	EndGlobalSection
	GlobalSection(ExtensibilityGlobals) = postSolution
		SolutionGuid = {A64C690E-8D0E-4B63-981B-E8DEE7C92CF1}
	EndGlobalSection
EndGlobal
