
Microsoft Visual Studio Solution File, Format Version 12.00
# Visual Studio Version 17
VisualStudioVersion = 17.10.34928.147
MinimumVisualStudioVersion = 10.0.40219.1
Project("{FAE04EC0-301F-11D3-BF4B-00C04F79EFBC}") = "BasicAsyncMethod", "BasicAsyncMethod\BasicAsyncMethod.csproj", "{DC6BBF2D-C9E8-429D-BA6A-21969FFD459B}"
EndProject
Global
	GlobalSection(SolutionConfigurationPlatforms) = preSolution
		Debug|Any CPU = Debug|Any CPU
		Release|Any CPU = Release|Any CPU
	EndGlobalSection
	GlobalSection(ProjectConfigurationPlatforms) = postSolution
		{DC6BBF2D-C9E8-429D-BA6A-21969FFD459B}.Debug|Any CPU.ActiveCfg = Debug|Any CPU
		{DC6BBF2D-C9E8-429D-BA6A-21969FFD459B}.Debug|Any CPU.Build.0 = Debug|Any CPU
		{DC6BBF2D-C9E8-429D-BA6A-21969FFD459B}.Release|Any CPU.ActiveCfg = Release|Any CPU
		{DC6BBF2D-C9E8-429D-BA6A-21969FFD459B}.Release|Any CPU.Build.0 = Release|Any CPU
	EndGlobalSection
	GlobalSection(SolutionProperties) = preSolution
		HideSolutionNode = FALSE
	EndGlobalSection
	GlobalSection(ExtensibilityGlobals) = postSolution
		SolutionGuid = {4D0CC68A-A8AF-42CF-A8BE-582DA584CD28}
	EndGlobalSection
EndGlobal
