
Microsoft Visual Studio Solution File, Format Version 12.00
# Visual Studio Version 17
VisualStudioVersion = 17.10.34928.147
MinimumVisualStudioVersion = 10.0.40219.1
Project("{FAE04EC0-301F-11D3-BF4B-00C04F79EFBC}") = "SelectionSort", "SelectionSort\SelectionSort.csproj", "{560C298E-C5B2-4744-BEF2-D70EBDB3864D}"
EndProject
Global
	GlobalSection(SolutionConfigurationPlatforms) = preSolution
		Debug|Any CPU = Debug|Any CPU
		Release|Any CPU = Release|Any CPU
	EndGlobalSection
	GlobalSection(ProjectConfigurationPlatforms) = postSolution
		{560C298E-C5B2-4744-BEF2-D70EBDB3864D}.Debug|Any CPU.ActiveCfg = Debug|Any CPU
		{560C298E-C5B2-4744-BEF2-D70EBDB3864D}.Debug|Any CPU.Build.0 = Debug|Any CPU
		{560C298E-C5B2-4744-BEF2-D70EBDB3864D}.Release|Any CPU.ActiveCfg = Release|Any CPU
		{560C298E-C5B2-4744-BEF2-D70EBDB3864D}.Release|Any CPU.Build.0 = Release|Any CPU
	EndGlobalSection
	GlobalSection(SolutionProperties) = preSolution
		HideSolutionNode = FALSE
	EndGlobalSection
	GlobalSection(ExtensibilityGlobals) = postSolution
		SolutionGuid = {7CE61BD4-6FB1-4FE2-82FF-9B6469BB5EF7}
	EndGlobalSection
EndGlobal
