
Microsoft Visual Studio Solution File, Format Version 12.00
# Visual Studio Version 17
VisualStudioVersion = 17.10.34928.147
MinimumVisualStudioVersion = 10.0.40219.1
Project("{FAE04EC0-301F-11D3-BF4B-00C04F79EFBC}") = "Deadlock-Scenario-in-C#-and-Its-Resolution", "Deadlock-Scenario-in-C#-and-Its-Resolution\Deadlock-Scenario-in-C#-and-Its-Resolution.csproj", "{59816D81-3053-4B2D-A49A-F995FFD13B0F}"
EndProject
Global
	GlobalSection(SolutionConfigurationPlatforms) = preSolution
		Debug|Any CPU = Debug|Any CPU
		Release|Any CPU = Release|Any CPU
	EndGlobalSection
	GlobalSection(ProjectConfigurationPlatforms) = postSolution
		{59816D81-3053-4B2D-A49A-F995FFD13B0F}.Debug|Any CPU.ActiveCfg = Debug|Any CPU
		{59816D81-3053-4B2D-A49A-F995FFD13B0F}.Debug|Any CPU.Build.0 = Debug|Any CPU
		{59816D81-3053-4B2D-A49A-F995FFD13B0F}.Release|Any CPU.ActiveCfg = Release|Any CPU
		{59816D81-3053-4B2D-A49A-F995FFD13B0F}.Release|Any CPU.Build.0 = Release|Any CPU
	EndGlobalSection
	GlobalSection(SolutionProperties) = preSolution
		HideSolutionNode = FALSE
	EndGlobalSection
	GlobalSection(ExtensibilityGlobals) = postSolution
		SolutionGuid = {BC128EE4-2970-4CCA-8EE7-5D13924C3C29}
	EndGlobalSection
EndGlobal
