
Microsoft Visual Studio Solution File, Format Version 12.00
# Visual Studio Version 17
VisualStudioVersion = 17.10.34928.147
MinimumVisualStudioVersion = 10.0.40219.1
Project("{FAE04EC0-301F-11D3-BF4B-00C04F79EFBC}") = "Counting-Set-Bits", "Counting-Set-Bits\Counting-Set-Bits.csproj", "{84A3FC1E-6EC5-4746-B125-AB5A8D20F994}"
EndProject
Global
	GlobalSection(SolutionConfigurationPlatforms) = preSolution
		Debug|Any CPU = Debug|Any CPU
		Release|Any CPU = Release|Any CPU
	EndGlobalSection
	GlobalSection(ProjectConfigurationPlatforms) = postSolution
		{84A3FC1E-6EC5-4746-B125-AB5A8D20F994}.Debug|Any CPU.ActiveCfg = Debug|Any CPU
		{84A3FC1E-6EC5-4746-B125-AB5A8D20F994}.Debug|Any CPU.Build.0 = Debug|Any CPU
		{84A3FC1E-6EC5-4746-B125-AB5A8D20F994}.Release|Any CPU.ActiveCfg = Release|Any CPU
		{84A3FC1E-6EC5-4746-B125-AB5A8D20F994}.Release|Any CPU.Build.0 = Release|Any CPU
	EndGlobalSection
	GlobalSection(SolutionProperties) = preSolution
		HideSolutionNode = FALSE
	EndGlobalSection
	GlobalSection(ExtensibilityGlobals) = postSolution
		SolutionGuid = {89B0E2A1-EFC4-4541-93EA-84A75082EDF2}
	EndGlobalSection
EndGlobal
