
Microsoft Visual Studio Solution File, Format Version 12.00
# Visual Studio Version 17
VisualStudioVersion = 17.10.34928.147
MinimumVisualStudioVersion = 10.0.40219.1
Project("{FAE04EC0-301F-11D3-BF4B-00C04F79EFBC}") = "ConcurrentPrintNumberAlphabet", "ConcurrentPrintNumberAlphabet\ConcurrentPrintNumberAlphabet.csproj", "{954B082D-2B91-4755-ADAA-17F28E1B30D1}"
EndProject
Global
	GlobalSection(SolutionConfigurationPlatforms) = preSolution
		Debug|Any CPU = Debug|Any CPU
		Release|Any CPU = Release|Any CPU
	EndGlobalSection
	GlobalSection(ProjectConfigurationPlatforms) = postSolution
		{954B082D-2B91-4755-ADAA-17F28E1B30D1}.Debug|Any CPU.ActiveCfg = Debug|Any CPU
		{954B082D-2B91-4755-ADAA-17F28E1B30D1}.Debug|Any CPU.Build.0 = Debug|Any CPU
		{954B082D-2B91-4755-ADAA-17F28E1B30D1}.Release|Any CPU.ActiveCfg = Release|Any CPU
		{954B082D-2B91-4755-ADAA-17F28E1B30D1}.Release|Any CPU.Build.0 = Release|Any CPU
	EndGlobalSection
	GlobalSection(SolutionProperties) = preSolution
		HideSolutionNode = FALSE
	EndGlobalSection
	GlobalSection(ExtensibilityGlobals) = postSolution
		SolutionGuid = {193956B1-9332-4B44-A5F1-CEB44C212D7E}
	EndGlobalSection
EndGlobal
