
Microsoft Visual Studio Solution File, Format Version 12.00
# Visual Studio Version 17
VisualStudioVersion = 17.10.34928.147
MinimumVisualStudioVersion = 10.0.40219.1
Project("{FAE04EC0-301F-11D3-BF4B-00C04F79EFBC}") = "JobSequencingProblem", "JobSequencingProblem\JobSequencingProblem.csproj", "{5702120E-7F4F-4524-BB90-62AA2ADF1086}"
EndProject
Global
	GlobalSection(SolutionConfigurationPlatforms) = preSolution
		Debug|Any CPU = Debug|Any CPU
		Release|Any CPU = Release|Any CPU
	EndGlobalSection
	GlobalSection(ProjectConfigurationPlatforms) = postSolution
		{5702120E-7F4F-4524-BB90-62AA2ADF1086}.Debug|Any CPU.ActiveCfg = Debug|Any CPU
		{5702120E-7F4F-4524-BB90-62AA2ADF1086}.Debug|Any CPU.Build.0 = Debug|Any CPU
		{5702120E-7F4F-4524-BB90-62AA2ADF1086}.Release|Any CPU.ActiveCfg = Release|Any CPU
		{5702120E-7F4F-4524-BB90-62AA2ADF1086}.Release|Any CPU.Build.0 = Release|Any CPU
	EndGlobalSection
	GlobalSection(SolutionProperties) = preSolution
		HideSolutionNode = FALSE
	EndGlobalSection
	GlobalSection(ExtensibilityGlobals) = postSolution
		SolutionGuid = {DEFF6676-31CC-4C3A-87F8-6414DD34AD62}
	EndGlobalSection
EndGlobal
