
Microsoft Visual Studio Solution File, Format Version 12.00
# Visual Studio Version 17
VisualStudioVersion = 17.10.34928.147
MinimumVisualStudioVersion = 10.0.40219.1
Project("{FAE04EC0-301F-11D3-BF4B-00C04F79EFBC}") = "NavbarDesign", "NavbarDesign\NavbarDesign.csproj", "{6ADA8D23-A3F6-4D17-8347-9D7080F92684}"
EndProject
Project("{2150E333-8FDC-42A3-9474-1A3956D46DE8}") = "Solution Items", "Solution Items", "{15E02953-CD4E-4F6E-9785-512208D8EA86}"
	ProjectSection(SolutionItems) = preProject
		EmployeeForm.html = EmployeeForm.html
		EmployeeReport.html = EmployeeReport.html
		HTMLPage1.html = HTMLPage1.html
	EndProjectSection
EndProject
Global
	GlobalSection(SolutionConfigurationPlatforms) = preSolution
		Debug|Any CPU = Debug|Any CPU
		Release|Any CPU = Release|Any CPU
	EndGlobalSection
	GlobalSection(ProjectConfigurationPlatforms) = postSolution
		{6ADA8D23-A3F6-4D17-8347-9D7080F92684}.Debug|Any CPU.ActiveCfg = Debug|Any CPU
		{6ADA8D23-A3F6-4D17-8347-9D7080F92684}.Debug|Any CPU.Build.0 = Debug|Any CPU
		{6ADA8D23-A3F6-4D17-8347-9D7080F92684}.Release|Any CPU.ActiveCfg = Release|Any CPU
		{6ADA8D23-A3F6-4D17-8347-9D7080F92684}.Release|Any CPU.Build.0 = Release|Any CPU
	EndGlobalSection
	GlobalSection(SolutionProperties) = preSolution
		HideSolutionNode = FALSE
	EndGlobalSection
	GlobalSection(ExtensibilityGlobals) = postSolution
		SolutionGuid = {9B623068-8221-43B3-B6C2-B41C95FDF5C0}
	EndGlobalSection
EndGlobal
